
Microsoft Visual Studio Solution File, Format Version 12.00
# Visual Studio Version 17
VisualStudioVersion = 17.9.34728.123
MinimumVisualStudioVersion = 10.0.40219.1
Project("{888888A0-9F3D-457C-B088-3A5042F75D52}") = "OLLM", "OLLM\OLLM.pyproj", "{2D65B59A-86FD-4220-A8CD-002149AD5143}"
EndProject
Global
	GlobalSection(SolutionConfigurationPlatforms) = preSolution
		Debug|Any CPU = Debug|Any CPU
		Release|Any CPU = Release|Any CPU
	EndGlobalSection
	GlobalSection(ProjectConfigurationPlatforms) = postSolution
		{2D65B59A-86FD-4220-A8CD-002149AD5143}.Debug|Any CPU.ActiveCfg = Debug|Any CPU
		{2D65B59A-86FD-4220-A8CD-002149AD5143}.Release|Any CPU.ActiveCfg = Release|Any CPU
	EndGlobalSection
	GlobalSection(SolutionProperties) = preSolution
		HideSolutionNode = FALSE
	EndGlobalSection
	GlobalSection(ExtensibilityGlobals) = postSolution
		SolutionGuid = {1C1E5D84-116E-420A-A1CF-E44747FBAE14}
	EndGlobalSection
EndGlobal
